<?xml version="1.0" encoding="utf-8"?>
<Project ToolsVersion="4.0" xmlns="http://schemas.microsoft.com/developer/msbuild/2003">
  <ItemGroup>
    <Filter Include="Исходные файлы">
      <UniqueIdentifier>{4FC737F1-C7A5-4376-A066-2A32D752A2FF}</UniqueIdentifier>
      <Extensions>cpp;c;cc;cxx;c++;cppm;ixx;def;odl;idl;hpj;bat;asm;asmx</Extensions>
    </Filter>
    <Filter Include="Файлы заголовков">
      <UniqueIdentifier>{93995380-89BD-4b04-88EB-625FBE52EBFB}</UniqueIdentifier>
      <Extensions>h;hh;hpp;hxx;h++;hm;inl;inc;ipp;xsd</Extensions>
    </Filter>
    <Filter Include="Файлы ресурсов">
      <UniqueIdentifier>{67DA6AB6-F800-4c08-8B7A-83BB121AAD01}</UniqueIdentifier>
      <Extensions>rc;ico;cur;bmp;dlg;rc2;rct;bin;rgs;gif;jpg;jpeg;jpe;resx;tiff;tif;png;wav;mfcribbon-ms</Extensions>
    </Filter>
    <Filter Include="Исходные файлы\Engine">
      <UniqueIdentifier>{4520048f-1539-44d7-92f3-b1cfa6fabfb2}</UniqueIdentifier>
    </Filter>
    <Filter Include="Файлы заголовков\Engine">
      <UniqueIdentifier>{d3e1f619-5abc-419e-a5a1-a005680e92d8}</UniqueIdentifier>
    </Filter>
    <Filter Include="Файлы заголовков\States">
      <UniqueIdentifier>{d21371f8-a5b0-48f1-bf1a-25dfd166fe0b}</UniqueIdentifier>
    </Filter>
    <Filter Include="Исходные файлы\States">
      <UniqueIdentifier>{a075c02b-3b01-41df-8af8-6a3c3830e89c}</UniqueIdentifier>
    </Filter>
    <Filter Include="Файлы заголовков\UI">
      <UniqueIdentifier>{2425cce0-a7a4-4a81-9312-2441c6cf8de1}</UniqueIdentifier>
    </Filter>
    <Filter Include="Исходные файлы\UI">
      <UniqueIdentifier>{cddf21d9-d7dc-4ef6-b527-aa2aa23744bf}</UniqueIdentifier>
    </Filter>
    <Filter Include="Файлы заголовков\Airplane">
      <UniqueIdentifier>{db3ba838-65d7-4bb8-bdf3-4e3cc83df691}</UniqueIdentifier>
    </Filter>
    <Filter Include="Файлы заголовков\Airport">
      <UniqueIdentifier>{d2c274a9-99b2-4ca6-9a05-c3f2c5cb736b}</UniqueIdentifier>
    </Filter>
    <Filter Include="Исходные файлы\Airplane">
      <UniqueIdentifier>{cac27e07-44a1-4ba9-b53e-5df816eb5c65}</UniqueIdentifier>
    </Filter>
    <Filter Include="Исходные файлы\Airport">
      <UniqueIdentifier>{e4e1c817-9dd5-44ff-8096-e944cbcefabe}</UniqueIdentifier>
    </Filter>
    <Filter Include="Файлы заголовков\Dispatcher">
      <UniqueIdentifier>{e3ed6b4b-bdd3-46fa-98a3-d5427d767443}</UniqueIdentifier>
    </Filter>
    <Filter Include="Исходные файлы\Dispatcher">
      <UniqueIdentifier>{c5281774-c542-450e-813b-cb226678146c}</UniqueIdentifier>
    </Filter>
  </ItemGroup>
  <ItemGroup>
    <ClCompile Include="Main.cpp">
      <Filter>Исходные файлы</Filter>
    </ClCompile>
    <ClCompile Include="stateMachine.cpp">
      <Filter>Исходные файлы\Engine</Filter>
    </ClCompile>
    <ClCompile Include="inputManager.cpp">
      <Filter>Исходные файлы\Engine</Filter>
    </ClCompile>
    <ClCompile Include="Engine.cpp">
      <Filter>Исходные файлы\Engine</Filter>
    </ClCompile>
    <ClCompile Include="assetManager.cpp">
      <Filter>Исходные файлы\Engine</Filter>
    </ClCompile>
    <ClCompile Include="initState.cpp">
      <Filter>Исходные файлы\States</Filter>
    </ClCompile>
    <ClCompile Include="menuState.cpp">
      <Filter>Исходные файлы\States</Filter>
    </ClCompile>
    <ClCompile Include="rulesState.cpp">
      <Filter>Исходные файлы\States</Filter>
    </ClCompile>
    <ClCompile Include="Button.cpp">
      <Filter>Исходные файлы\UI</Filter>
    </ClCompile>
    <ClCompile Include="Airplane.cpp">
      <Filter>Исходные файлы\Airplane</Filter>
    </ClCompile>
    <ClCompile Include="AirportNpc.cpp">
      <Filter>Исходные файлы\Airport</Filter>
    </ClCompile>
    <ClCompile Include="AirportPlayer.cpp">
      <Filter>Исходные файлы\Airport</Filter>
    </ClCompile>
    <ClCompile Include="Strip.cpp">
      <Filter>Исходные файлы\Airport</Filter>
    </ClCompile>
    <ClCompile Include="Cargo.cpp">
      <Filter>Исходные файлы\Airplane</Filter>
    </ClCompile>
    <ClCompile Include="LevelManager.cpp">
      <Filter>Исходные файлы\Engine</Filter>
    </ClCompile>
    <ClCompile Include="Local.cpp">
      <Filter>Исходные файлы\Airplane</Filter>
    </ClCompile>
    <ClCompile Include="NarrowBody.cpp">
      <Filter>Исходные файлы\Airplane</Filter>
    </ClCompile>
    <ClCompile Include="WideBody.cpp">
      <Filter>Исходные файлы\Airplane</Filter>
    </ClCompile>
    <ClCompile Include="simulationState1.cpp">
      <Filter>Исходные файлы\States</Filter>
    </ClCompile>
    <ClCompile Include="Regional.cpp">
      <Filter>Исходные файлы\Airplane</Filter>
    </ClCompile>
    <ClCompile Include="FlightSchedule.cpp">
      <Filter>Исходные файлы\Dispatcher</Filter>
    </ClCompile>
    <ClCompile Include="GameClock.cpp">
      <Filter>Исходные файлы\Dispatcher</Filter>
    </ClCompile>
    <ClCompile Include="AirplaneUtils.cpp">
      <Filter>Исходные файлы\Airplane</Filter>
    </ClCompile>
    <ClCompile Include="ScheduleGenerator.cpp">
      <Filter>Исходные файлы\Dispatcher</Filter>
    </ClCompile>
    <ClCompile Include="Positions.cpp">
      <Filter>Исходные файлы</Filter>
    </ClCompile>
  </ItemGroup>
  <ItemGroup>
    <ClInclude Include="Engine.h">
      <Filter>Файлы заголовков\Engine</Filter>
    </ClInclude>
    <ClInclude Include="state.h">
      <Filter>Файлы заголовков\Engine</Filter>
    </ClInclude>
    <ClInclude Include="assetManager.h">
      <Filter>Файлы заголовков\Engine</Filter>
    </ClInclude>
    <ClInclude Include="inputManager.h">
      <Filter>Файлы заголовков\Engine</Filter>
    </ClInclude>
    <ClInclude Include="stateMachine.h">
      <Filter>Файлы заголовков\Engine</Filter>
    </ClInclude>
    <ClInclude Include="initState.h">
      <Filter>Файлы заголовков\States</Filter>
    </ClInclude>
    <ClInclude Include="definitions.h">
      <Filter>Файлы заголовков</Filter>
    </ClInclude>
    <ClInclude Include="menuState.h">
      <Filter>Файлы заголовков\States</Filter>
    </ClInclude>
    <ClInclude Include="rulesState.h">
      <Filter>Файлы заголовков\States</Filter>
    </ClInclude>
    <ClInclude Include="simulationState1.h">
      <Filter>Файлы заголовков\States</Filter>
    </ClInclude>
    <ClInclude Include="Button.h">
      <Filter>Файлы заголовков\UI</Filter>
    </ClInclude>
    <ClInclude Include="Airplane.h">
      <Filter>Файлы заголовков\Airplane</Filter>
    </ClInclude>
    <ClInclude Include="Cargo.h">
      <Filter>Файлы заголовков\Airplane</Filter>
    </ClInclude>
    <ClInclude Include="Role.h">
      <Filter>Файлы заголовков\Airplane</Filter>
    </ClInclude>
    <ClInclude Include="Local.h">
      <Filter>Файлы заголовков\Airplane</Filter>
    </ClInclude>
    <ClInclude Include="RoleFabric.h">
      <Filter>Файлы заголовков\Airplane</Filter>
    </ClInclude>
    <ClInclude Include="NarrowBody.h">
      <Filter>Файлы заголовков\Airplane</Filter>
    </ClInclude>
    <ClInclude Include="Regional.h">
      <Filter>Файлы заголовков\Airplane</Filter>
    </ClInclude>
    <ClInclude Include="WideBody.h">
      <Filter>Файлы заголовков\Airplane</Filter>
    </ClInclude>
    <ClInclude Include="Airport.h">
      <Filter>Файлы заголовков\Airport</Filter>
    </ClInclude>
    <ClInclude Include="Strip.h">
      <Filter>Файлы заголовков\Airport</Filter>
    </ClInclude>
    <ClInclude Include="AirportNpc.h">
      <Filter>Файлы заголовков\Airport</Filter>
    </ClInclude>
    <ClInclude Include="AirportPlayer.h">
      <Filter>Файлы заголовков\Airport</Filter>
    </ClInclude>
    <ClInclude Include="LevelManager.h">
      <Filter>Файлы заголовков\Engine</Filter>
    </ClInclude>
    <ClInclude Include="Dispatcher.h">
      <Filter>Файлы заголовков\Dispatcher</Filter>
    </ClInclude>
    <ClInclude Include="GameClock.h">
      <Filter>Файлы заголовков\Dispatcher</Filter>
    </ClInclude>
    <ClInclude Include="FlightSchedule.h">
      <Filter>Файлы заголовков\Dispatcher</Filter>
    </ClInclude>
    <ClInclude Include="ScheduleGenerator.h">
      <Filter>Файлы заголовков\Dispatcher</Filter>
    </ClInclude>
    <ClInclude Include="AirplaneUtils.h">
      <Filter>Файлы заголовков\Airplane</Filter>
    </ClInclude>
    <ClInclude Include="Positions.h">
      <Filter>Файлы заголовков</Filter>
    </ClInclude>
  </ItemGroup>
</Project>